
Microsoft Visual Studio Solution File, Format Version 12.00
# Visual Studio Version 16
VisualStudioVersion = 16.0.30413.136
MinimumVisualStudioVersion = 10.0.40219.1
Project("{FAE04EC0-301F-11D3-BF4B-00C04F79EFBC}") = "Drawing_Application", "Drawing_Application\Drawing_Application.csproj", "{9917B8C5-A63C-4BEA-9096-BAEF13ADA0BD}"
EndProject
Project("{FAE04EC0-301F-11D3-BF4B-00C04F79EFBC}") = "Sorting_MathOperations", "Sorting_MathOperations\Sorting_MathOperations.csproj", "{4D1F8F4F-02C4-471A-BF70-A144D67074F8}"
EndProject
Project("{FAE04EC0-301F-11D3-BF4B-00C04F79EFBC}") = "MathOperations_DLL", "MathOperations_DLL\MathOperations_DLL.csproj", "{5D083D44-9D5F-463A-9AB3-4DD31B06B48E}"
EndProject
Project("{FAE04EC0-301F-11D3-BF4B-00C04F79EFBC}") = "StudentData", "StudentData\StudentData.csproj", "{E91130CF-81E8-4F2C-86E9-207F646DDA9C}"
EndProject
Project("{FAE04EC0-301F-11D3-BF4B-00C04F79EFBC}") = "BirthdayCalculation", "BirthdayCalculation\BirthdayCalculation.csproj", "{ACE916A0-C7D7-43A6-B7AC-96E79A894213}"
EndProject
Project("{FAE04EC0-301F-11D3-BF4B-00C04F79EFBC}") = "Person_Exercise", "Person_Exercise\Person_Exercise.csproj", "{F150FAD7-AD14-4AED-8329-1022EE9C4C74}"
EndProject
Project("{FAE04EC0-301F-11D3-BF4B-00C04F79EFBC}") = "FormsProject", "FormsProject\FormsProject.csproj", "{38B40983-52C9-4CB9-9BEF-4E4B3A6E72C9}"
EndProject
Project("{FAE04EC0-301F-11D3-BF4B-00C04F79EFBC}") = "PictureViewer", "PictureViewer\PictureViewer.csproj", "{342B825B-3C28-4FFD-A5B1-704AF20B6534}"
EndProject
Project("{FAE04EC0-301F-11D3-BF4B-00C04F79EFBC}") = "MathQuiz", "MathQuiz\MathQuiz.csproj", "{BDF42563-2D79-443D-906B-619BCC3D16DE}"
EndProject
Global
	GlobalSection(SolutionConfigurationPlatforms) = preSolution
		Debug|Any CPU = Debug|Any CPU
		Release|Any CPU = Release|Any CPU
	EndGlobalSection
	GlobalSection(ProjectConfigurationPlatforms) = postSolution
		{9917B8C5-A63C-4BEA-9096-BAEF13ADA0BD}.Debug|Any CPU.ActiveCfg = Debug|Any CPU
		{9917B8C5-A63C-4BEA-9096-BAEF13ADA0BD}.Debug|Any CPU.Build.0 = Debug|Any CPU
		{9917B8C5-A63C-4BEA-9096-BAEF13ADA0BD}.Release|Any CPU.ActiveCfg = Release|Any CPU
		{9917B8C5-A63C-4BEA-9096-BAEF13ADA0BD}.Release|Any CPU.Build.0 = Release|Any CPU
		{4D1F8F4F-02C4-471A-BF70-A144D67074F8}.Debug|Any CPU.ActiveCfg = Debug|Any CPU
		{4D1F8F4F-02C4-471A-BF70-A144D67074F8}.Debug|Any CPU.Build.0 = Debug|Any CPU
		{4D1F8F4F-02C4-471A-BF70-A144D67074F8}.Release|Any CPU.ActiveCfg = Release|Any CPU
		{4D1F8F4F-02C4-471A-BF70-A144D67074F8}.Release|Any CPU.Build.0 = Release|Any CPU
		{5D083D44-9D5F-463A-9AB3-4DD31B06B48E}.Debug|Any CPU.ActiveCfg = Debug|Any CPU
		{5D083D44-9D5F-463A-9AB3-4DD31B06B48E}.Debug|Any CPU.Build.0 = Debug|Any CPU
		{5D083D44-9D5F-463A-9AB3-4DD31B06B48E}.Release|Any CPU.ActiveCfg = Release|Any CPU
		{5D083D44-9D5F-463A-9AB3-4DD31B06B48E}.Release|Any CPU.Build.0 = Release|Any CPU
		{E91130CF-81E8-4F2C-86E9-207F646DDA9C}.Debug|Any CPU.ActiveCfg = Debug|Any CPU
		{E91130CF-81E8-4F2C-86E9-207F646DDA9C}.Debug|Any CPU.Build.0 = Debug|Any CPU
		{E91130CF-81E8-4F2C-86E9-207F646DDA9C}.Release|Any CPU.ActiveCfg = Release|Any CPU
		{E91130CF-81E8-4F2C-86E9-207F646DDA9C}.Release|Any CPU.Build.0 = Release|Any CPU
		{ACE916A0-C7D7-43A6-B7AC-96E79A894213}.Debug|Any CPU.ActiveCfg = Debug|Any CPU
		{ACE916A0-C7D7-43A6-B7AC-96E79A894213}.Debug|Any CPU.Build.0 = Debug|Any CPU
		{ACE916A0-C7D7-43A6-B7AC-96E79A894213}.Release|Any CPU.ActiveCfg = Release|Any CPU
		{ACE916A0-C7D7-43A6-B7AC-96E79A894213}.Release|Any CPU.Build.0 = Release|Any CPU
		{F150FAD7-AD14-4AED-8329-1022EE9C4C74}.Debug|Any CPU.ActiveCfg = Debug|Any CPU
		{F150FAD7-AD14-4AED-8329-1022EE9C4C74}.Debug|Any CPU.Build.0 = Debug|Any CPU
		{F150FAD7-AD14-4AED-8329-1022EE9C4C74}.Release|Any CPU.ActiveCfg = Release|Any CPU
		{F150FAD7-AD14-4AED-8329-1022EE9C4C74}.Release|Any CPU.Build.0 = Release|Any CPU
		{38B40983-52C9-4CB9-9BEF-4E4B3A6E72C9}.Debug|Any CPU.ActiveCfg = Debug|Any CPU
		{38B40983-52C9-4CB9-9BEF-4E4B3A6E72C9}.Debug|Any CPU.Build.0 = Debug|Any CPU
		{38B40983-52C9-4CB9-9BEF-4E4B3A6E72C9}.Release|Any CPU.ActiveCfg = Release|Any CPU
		{38B40983-52C9-4CB9-9BEF-4E4B3A6E72C9}.Release|Any CPU.Build.0 = Release|Any CPU
		{342B825B-3C28-4FFD-A5B1-704AF20B6534}.Debug|Any CPU.ActiveCfg = Debug|Any CPU
		{342B825B-3C28-4FFD-A5B1-704AF20B6534}.Debug|Any CPU.Build.0 = Debug|Any CPU
		{342B825B-3C28-4FFD-A5B1-704AF20B6534}.Release|Any CPU.ActiveCfg = Release|Any CPU
		{342B825B-3C28-4FFD-A5B1-704AF20B6534}.Release|Any CPU.Build.0 = Release|Any CPU
		{BDF42563-2D79-443D-906B-619BCC3D16DE}.Debug|Any CPU.ActiveCfg = Debug|Any CPU
		{BDF42563-2D79-443D-906B-619BCC3D16DE}.Debug|Any CPU.Build.0 = Debug|Any CPU
		{BDF42563-2D79-443D-906B-619BCC3D16DE}.Release|Any CPU.ActiveCfg = Release|Any CPU
		{BDF42563-2D79-443D-906B-619BCC3D16DE}.Release|Any CPU.Build.0 = Release|Any CPU
	EndGlobalSection
	GlobalSection(SolutionProperties) = preSolution
		HideSolutionNode = FALSE
	EndGlobalSection
	GlobalSection(ExtensibilityGlobals) = postSolution
		SolutionGuid = {4A626ED3-8FF4-43A0-B092-4BBACBA465CD}
	EndGlobalSection
EndGlobal
